
Microsoft Visual Studio Solution File, Format Version 12.00
# Visual Studio Version 17
VisualStudioVersion = 17.8.34322.80
MinimumVisualStudioVersion = 10.0.40219.1
Project("{FAE04EC0-301F-11D3-BF4B-00C04F79EFBC}") = "Boletos", "Boletos\Boletos.csproj", "{5557B4C1-0D3E-4439-89DE-7D433A6287F3}"
EndProject
Global
	GlobalSection(SolutionConfigurationPlatforms) = preSolution
		Debug|Any CPU = Debug|Any CPU
		Release|Any CPU = Release|Any CPU
	EndGlobalSection
	GlobalSection(ProjectConfigurationPlatforms) = postSolution
		{5557B4C1-0D3E-4439-89DE-7D433A6287F3}.Debug|Any CPU.ActiveCfg = Debug|Any CPU
		{5557B4C1-0D3E-4439-89DE-7D433A6287F3}.Debug|Any CPU.Build.0 = Debug|Any CPU
		{5557B4C1-0D3E-4439-89DE-7D433A6287F3}.Release|Any CPU.ActiveCfg = Release|Any CPU
		{5557B4C1-0D3E-4439-89DE-7D433A6287F3}.Release|Any CPU.Build.0 = Release|Any CPU
	EndGlobalSection
	GlobalSection(SolutionProperties) = preSolution
		HideSolutionNode = FALSE
	EndGlobalSection
	GlobalSection(ExtensibilityGlobals) = postSolution
		SolutionGuid = {6E08CE6A-452B-47ED-B066-D94BAA9C35F7}
	EndGlobalSection
EndGlobal
